// !$*UTF8*$!
{
	archiveVersion = 1;
	classes = {
	};
	objectVersion = 50;
	objects = {

/* Begin PBXBuildFile section */
		0CE5D942A0C3A4D2E4CBCFF8 /* libPods-DelLinTests.a in Frameworks */ = {isa = PBXBuildFile; fileRef = 39BAA2DBAAA34184D13CC2AB /* libPods-DelLinTests.a */; };
		2A1B042F622D87793A5B05E4 /* libPods-DelLin.a in Frameworks */ = {isa = PBXBuildFile; fileRef = F90EEB5EF14A8FD3F1B0A874 /* libPods-DelLin.a */; };
		356445732D1B6C1E556364D1 /* FormOrderAssembly.m in Sources */ = {isa = PBXBuildFile; fileRef = 5642838D9F6DD4E3BF038610 /* FormOrderAssembly.m */; };
		60270D7FB6BAC18FC16C4084 /* FormOrderPresenter.m in Sources */ = {isa = PBXBuildFile; fileRef = 3C9774BC20C6B9AD8C2E5A6A /* FormOrderPresenter.m */; };
		6D20D4DA22BD28EE00051D4F /* DelLinTests.m in Sources */ = {isa = PBXBuildFile; fileRef = 6D20D4D922BD28EE00051D4F /* DelLinTests.m */; };
		6DEC176222BD1F2C0065AEE9 /* DVApplicationAssembly.m in Sources */ = {isa = PBXBuildFile; fileRef = 6DEC176122BD1F2C0065AEE9 /* DVApplicationAssembly.m */; };
		72140935551EE985FE0DD860 /* TerminalsInteractor.m in Sources */ = {isa = PBXBuildFile; fileRef = 7C6E30DEF9A4E81D01734CA1 /* TerminalsInteractor.m */; };
		73B3C86AD17FC189722B8281 /* FormOrderRouter.m in Sources */ = {isa = PBXBuildFile; fileRef = 03AC6B6A848771A808D84642 /* FormOrderRouter.m */; };
		760EF78822CFE2F200548A87 /* DVRoutesAssembly.m in Sources */ = {isa = PBXBuildFile; fileRef = 760EF78622CFE2F200548A87 /* DVRoutesAssembly.m */; };
		760EF78922CFE2F200548A87 /* DVTerminalsRoute.m in Sources */ = {isa = PBXBuildFile; fileRef = 760EF78722CFE2F200548A87 /* DVTerminalsRoute.m */; };
		7644DFF422D0C76C00FBD451 /* DVCity.m in Sources */ = {isa = PBXBuildFile; fileRef = 7644DFF322D0C76C00FBD451 /* DVCity.m */; };
		7644DFF722D0D97B00FBD451 /* UIView+Sugar.m in Sources */ = {isa = PBXBuildFile; fileRef = 7644DFF622D0D97B00FBD451 /* UIView+Sugar.m */; };
		7644DFFB22D26CF900FBD451 /* StorageServiceImplementation.m in Sources */ = {isa = PBXBuildFile; fileRef = 7644DFFA22D26CF900FBD451 /* StorageServiceImplementation.m */; };
		7644E00522D397A900FBD451 /* CoreComponents.m in Sources */ = {isa = PBXBuildFile; fileRef = 7644E00422D397A900FBD451 /* CoreComponents.m */; };
		7644E00822D3A36700FBD451 /* DelLin.xcdatamodeld in Sources */ = {isa = PBXBuildFile; fileRef = 7658368022BCCA25005E8D25 /* DelLin.xcdatamodeld */; };
		7658367922BCCA25005E8D25 /* AppDelegate.m in Sources */ = {isa = PBXBuildFile; fileRef = 7658367822BCCA25005E8D25 /* AppDelegate.m */; };
		7658368422BCCA29005E8D25 /* Assets.xcassets in Resources */ = {isa = PBXBuildFile; fileRef = 7658368322BCCA29005E8D25 /* Assets.xcassets */; };
		7658368722BCCA29005E8D25 /* LaunchScreen.storyboard in Resources */ = {isa = PBXBuildFile; fileRef = 7658368522BCCA29005E8D25 /* LaunchScreen.storyboard */; };
		7658368A22BCCA29005E8D25 /* main.m in Sources */ = {isa = PBXBuildFile; fileRef = 7658368922BCCA29005E8D25 /* main.m */; };
		768B5D3522CDF4C700A41198 /* DVTerminal.m in Sources */ = {isa = PBXBuildFile; fileRef = 768B5D3422CDF4C700A41198 /* DVTerminal.m */; };
		768B5D3822CDFDA000A41198 /* DVMap.m in Sources */ = {isa = PBXBuildFile; fileRef = 768B5D3722CDFDA000A41198 /* DVMap.m */; };
		76A0554E22BCD6D90005C621 /* DVTerminalsEndpoint.m in Sources */ = {isa = PBXBuildFile; fileRef = 76A0554D22BCD6D90005C621 /* DVTerminalsEndpoint.m */; };
		76E521FE22CE17690078C988 /* Terminal+CoreDataClass.m in Sources */ = {isa = PBXBuildFile; fileRef = 76E521F822CE17690078C988 /* Terminal+CoreDataClass.m */; };
		76E521FF22CE17690078C988 /* Terminal+CoreDataProperties.m in Sources */ = {isa = PBXBuildFile; fileRef = 76E521F922CE17690078C988 /* Terminal+CoreDataProperties.m */; };
		76E5220022CE17690078C988 /* Map+CoreDataClass.m in Sources */ = {isa = PBXBuildFile; fileRef = 76E521FC22CE17690078C988 /* Map+CoreDataClass.m */; };
		76E5220122CE17690078C988 /* Map+CoreDataProperties.m in Sources */ = {isa = PBXBuildFile; fileRef = 76E521FD22CE17690078C988 /* Map+CoreDataProperties.m */; };
		76F2824822BCDCC400A0D635 /* AFHTTPSessionManager+Endpoint.m in Sources */ = {isa = PBXBuildFile; fileRef = 76F2824722BCDCC400A0D635 /* AFHTTPSessionManager+Endpoint.m */; };
		76F2824D22BCE7CE00A0D635 /* DVServicesAssembly.m in Sources */ = {isa = PBXBuildFile; fileRef = 76F2824C22BCE7CE00A0D635 /* DVServicesAssembly.m */; };
		79A299774C7AE1BBE68E51F3 /* FormOrderViewController.m in Sources */ = {isa = PBXBuildFile; fileRef = 9AEFD1CB371B7533B3A77E27 /* FormOrderViewController.m */; };
		8092E591E89B9745B862C71E /* TerminalsViewController.m in Sources */ = {isa = PBXBuildFile; fileRef = 8023E730C3E2E6D3612F2E0E /* TerminalsViewController.m */; };
		A40FCDBF5F133EC9F95513B1 /* TerminalsRouter.m in Sources */ = {isa = PBXBuildFile; fileRef = 81970485CCA1D94CDCE9CF90 /* TerminalsRouter.m */; };
		BCC5E58CCFE3D6C64C56D221 /* NetworkServiceImplementation.m in Sources */ = {isa = PBXBuildFile; fileRef = 5D127443781F3576747F0E54 /* NetworkServiceImplementation.m */; };
		BDF6ECAF9BEE957E0C726451 /* TerminalsAssembly.m in Sources */ = {isa = PBXBuildFile; fileRef = A35ED4435FA3994878843B8D /* TerminalsAssembly.m */; };
		E5F852174530E4F0006944A1 /* TerminalsPresenter.m in Sources */ = {isa = PBXBuildFile; fileRef = D9205F80B88D3AA46CDCD387 /* TerminalsPresenter.m */; };
		FBB828B5B2E8E824A72C567F /* FormOrderInteractor.m in Sources */ = {isa = PBXBuildFile; fileRef = 2F10409A34656D0E134E377A /* FormOrderInteractor.m */; };
/* End PBXBuildFile section */

/* Begin PBXContainerItemProxy section */
		6D20D4DC22BD28EE00051D4F /* PBXContainerItemProxy */ = {
			isa = PBXContainerItemProxy;
			containerPortal = 7658366C22BCCA25005E8D25 /* Project object */;
			proxyType = 1;
			remoteGlobalIDString = 7658367322BCCA25005E8D25;
			remoteInfo = DelLin;
		};
/* End PBXContainerItemProxy section */

/* Begin PBXFileReference section */
		026545E2509D676D869ED1F9 /* FormOrderInteractorInput.h */ = {isa = PBXFileReference; includeInIndex = 1; lastKnownFileType = sourcecode.c.h; path = FormOrderInteractorInput.h; sourceTree = "<group>"; };
		03AC6B6A848771A808D84642 /* FormOrderRouter.m */ = {isa = PBXFileReference; includeInIndex = 1; lastKnownFileType = sourcecode.c.objc; path = FormOrderRouter.m; sourceTree = "<group>"; };
		2299155E29E1588071DC2FAF /* NetworkServiceImplementation.h */ = {isa = PBXFileReference; includeInIndex = 1; lastKnownFileType = sourcecode.c.h; path = NetworkServiceImplementation.h; sourceTree = "<group>"; };
		280ED236B1F8F4C8401996A8 /* FormOrderModuleInput.h */ = {isa = PBXFileReference; includeInIndex = 1; lastKnownFileType = sourcecode.c.h; path = FormOrderModuleInput.h; sourceTree = "<group>"; };
		28E9E6996A07C2F3E002B5FF /* FormOrderInteractor.h */ = {isa = PBXFileReference; includeInIndex = 1; lastKnownFileType = sourcecode.c.h; path = FormOrderInteractor.h; sourceTree = "<group>"; };
		2F10409A34656D0E134E377A /* FormOrderInteractor.m */ = {isa = PBXFileReference; includeInIndex = 1; lastKnownFileType = sourcecode.c.objc; path = FormOrderInteractor.m; sourceTree = "<group>"; };
		34684C80A891BA6B7BCF927A /* Pods-DelLin.debug.xcconfig */ = {isa = PBXFileReference; includeInIndex = 1; lastKnownFileType = text.xcconfig; name = "Pods-DelLin.debug.xcconfig"; path = "Target Support Files/Pods-DelLin/Pods-DelLin.debug.xcconfig"; sourceTree = "<group>"; };
		36E108EFAEB21BF682FFB948 /* TerminalsPresenter.h */ = {isa = PBXFileReference; includeInIndex = 1; lastKnownFileType = sourcecode.c.h; path = TerminalsPresenter.h; sourceTree = "<group>"; };
		38B0522A95054E74F665B9D7 /* TerminalsModuleInput.h */ = {isa = PBXFileReference; includeInIndex = 1; lastKnownFileType = sourcecode.c.h; path = TerminalsModuleInput.h; sourceTree = "<group>"; };
		39BAA2DBAAA34184D13CC2AB /* libPods-DelLinTests.a */ = {isa = PBXFileReference; explicitFileType = archive.ar; includeInIndex = 0; path = "libPods-DelLinTests.a"; sourceTree = BUILT_PRODUCTS_DIR; };
		3C9774BC20C6B9AD8C2E5A6A /* FormOrderPresenter.m */ = {isa = PBXFileReference; includeInIndex = 1; lastKnownFileType = sourcecode.c.objc; path = FormOrderPresenter.m; sourceTree = "<group>"; };
		40CDF87BD548E75796265775 /* FormOrderViewInput.h */ = {isa = PBXFileReference; includeInIndex = 1; lastKnownFileType = sourcecode.c.h; path = FormOrderViewInput.h; sourceTree = "<group>"; };
		4DB4936EE04CD6836EFA8DA5 /* TerminalsViewOutput.h */ = {isa = PBXFileReference; includeInIndex = 1; lastKnownFileType = sourcecode.c.h; path = TerminalsViewOutput.h; sourceTree = "<group>"; };
		53FC994465671ADD130C24A9 /* TerminalsInteractor.h */ = {isa = PBXFileReference; includeInIndex = 1; lastKnownFileType = sourcecode.c.h; path = TerminalsInteractor.h; sourceTree = "<group>"; };
		5642838D9F6DD4E3BF038610 /* FormOrderAssembly.m */ = {isa = PBXFileReference; includeInIndex = 1; lastKnownFileType = sourcecode.c.objc; path = FormOrderAssembly.m; sourceTree = "<group>"; };
		5D127443781F3576747F0E54 /* NetworkServiceImplementation.m */ = {isa = PBXFileReference; includeInIndex = 1; lastKnownFileType = sourcecode.c.objc; path = NetworkServiceImplementation.m; sourceTree = "<group>"; };
		61CB9667562F4D896BD02367 /* FormOrderViewController.h */ = {isa = PBXFileReference; includeInIndex = 1; lastKnownFileType = sourcecode.c.h; path = FormOrderViewController.h; sourceTree = "<group>"; };
		64784958B9C77FCD205BF945 /* NetworkService.h */ = {isa = PBXFileReference; includeInIndex = 1; lastKnownFileType = sourcecode.c.h; path = NetworkService.h; sourceTree = "<group>"; };
		6AAFBCA4F4719E39F73D0DE9 /* TerminalsInteractorInput.h */ = {isa = PBXFileReference; includeInIndex = 1; lastKnownFileType = sourcecode.c.h; path = TerminalsInteractorInput.h; sourceTree = "<group>"; };
		6CB6D76B8A42FF49C25374DD /* FormOrderPresenter.h */ = {isa = PBXFileReference; includeInIndex = 1; lastKnownFileType = sourcecode.c.h; path = FormOrderPresenter.h; sourceTree = "<group>"; };
		6D20D4D722BD28EE00051D4F /* DelLinTests.xctest */ = {isa = PBXFileReference; explicitFileType = wrapper.cfbundle; includeInIndex = 0; path = DelLinTests.xctest; sourceTree = BUILT_PRODUCTS_DIR; };
		6D20D4D922BD28EE00051D4F /* DelLinTests.m */ = {isa = PBXFileReference; lastKnownFileType = sourcecode.c.objc; path = DelLinTests.m; sourceTree = "<group>"; };
		6D20D4DB22BD28EE00051D4F /* Info.plist */ = {isa = PBXFileReference; lastKnownFileType = text.plist.xml; path = Info.plist; sourceTree = "<group>"; };
		6DEC176022BD1F2C0065AEE9 /* DVApplicationAssembly.h */ = {isa = PBXFileReference; lastKnownFileType = sourcecode.c.h; path = DVApplicationAssembly.h; sourceTree = "<group>"; };
		6DEC176122BD1F2C0065AEE9 /* DVApplicationAssembly.m */ = {isa = PBXFileReference; lastKnownFileType = sourcecode.c.objc; path = DVApplicationAssembly.m; sourceTree = "<group>"; };
		760EF78322CFE2F200548A87 /* DVTerminalsRoute.h */ = {isa = PBXFileReference; fileEncoding = 4; lastKnownFileType = sourcecode.c.h; path = DVTerminalsRoute.h; sourceTree = "<group>"; };
		760EF78422CFE2F200548A87 /* DVRoutesAssembly.h */ = {isa = PBXFileReference; fileEncoding = 4; lastKnownFileType = sourcecode.c.h; path = DVRoutesAssembly.h; sourceTree = "<group>"; };
		760EF78522CFE2F200548A87 /* RouteProtocol.h */ = {isa = PBXFileReference; fileEncoding = 4; lastKnownFileType = sourcecode.c.h; path = RouteProtocol.h; sourceTree = "<group>"; };
		760EF78622CFE2F200548A87 /* DVRoutesAssembly.m */ = {isa = PBXFileReference; fileEncoding = 4; lastKnownFileType = sourcecode.c.objc; path = DVRoutesAssembly.m; sourceTree = "<group>"; };
		760EF78722CFE2F200548A87 /* DVTerminalsRoute.m */ = {isa = PBXFileReference; fileEncoding = 4; lastKnownFileType = sourcecode.c.objc; path = DVTerminalsRoute.m; sourceTree = "<group>"; };
		7644DFF222D0C76C00FBD451 /* DVCity.h */ = {isa = PBXFileReference; lastKnownFileType = sourcecode.c.h; path = DVCity.h; sourceTree = "<group>"; };
		7644DFF322D0C76C00FBD451 /* DVCity.m */ = {isa = PBXFileReference; lastKnownFileType = sourcecode.c.objc; path = DVCity.m; sourceTree = "<group>"; };
		7644DFF522D0D97B00FBD451 /* UIView+Sugar.h */ = {isa = PBXFileReference; lastKnownFileType = sourcecode.c.h; path = "UIView+Sugar.h"; sourceTree = "<group>"; };
		7644DFF622D0D97B00FBD451 /* UIView+Sugar.m */ = {isa = PBXFileReference; lastKnownFileType = sourcecode.c.objc; path = "UIView+Sugar.m"; sourceTree = "<group>"; };
		7644DFF922D26CF900FBD451 /* StorageServiceImplementation.h */ = {isa = PBXFileReference; lastKnownFileType = sourcecode.c.h; path = StorageServiceImplementation.h; sourceTree = "<group>"; };
		7644DFFA22D26CF900FBD451 /* StorageServiceImplementation.m */ = {isa = PBXFileReference; lastKnownFileType = sourcecode.c.objc; path = StorageServiceImplementation.m; sourceTree = "<group>"; };
		7644DFFC22D26D3500FBD451 /* StorageService.h */ = {isa = PBXFileReference; lastKnownFileType = sourcecode.c.h; path = StorageService.h; sourceTree = "<group>"; };
		7644E00322D397A900FBD451 /* CoreComponents.h */ = {isa = PBXFileReference; lastKnownFileType = sourcecode.c.h; path = CoreComponents.h; sourceTree = "<group>"; };
		7644E00422D397A900FBD451 /* CoreComponents.m */ = {isa = PBXFileReference; lastKnownFileType = sourcecode.c.objc; path = CoreComponents.m; sourceTree = "<group>"; };
		7658367422BCCA25005E8D25 /* DelLin.app */ = {isa = PBXFileReference; explicitFileType = wrapper.application; includeInIndex = 0; path = DelLin.app; sourceTree = BUILT_PRODUCTS_DIR; };
		7658367722BCCA25005E8D25 /* AppDelegate.h */ = {isa = PBXFileReference; lastKnownFileType = sourcecode.c.h; path = AppDelegate.h; sourceTree = "<group>"; };
		7658367822BCCA25005E8D25 /* AppDelegate.m */ = {isa = PBXFileReference; lastKnownFileType = sourcecode.c.objc; path = AppDelegate.m; sourceTree = "<group>"; };
		7658368122BCCA25005E8D25 /* DelLinTest.xcdatamodel */ = {isa = PBXFileReference; lastKnownFileType = wrapper.xcdatamodel; path = DelLinTest.xcdatamodel; sourceTree = "<group>"; };
		7658368322BCCA29005E8D25 /* Assets.xcassets */ = {isa = PBXFileReference; lastKnownFileType = folder.assetcatalog; path = Assets.xcassets; sourceTree = "<group>"; };
		7658368622BCCA29005E8D25 /* Base */ = {isa = PBXFileReference; lastKnownFileType = file.storyboard; name = Base; path = Base.lproj/LaunchScreen.storyboard; sourceTree = "<group>"; };
		7658368822BCCA29005E8D25 /* Info.plist */ = {isa = PBXFileReference; lastKnownFileType = text.plist.xml; path = Info.plist; sourceTree = "<group>"; };
		7658368922BCCA29005E8D25 /* main.m */ = {isa = PBXFileReference; lastKnownFileType = sourcecode.c.objc; path = main.m; sourceTree = "<group>"; };
		768B5D3322CDF4C700A41198 /* DVTerminal.h */ = {isa = PBXFileReference; lastKnownFileType = sourcecode.c.h; path = DVTerminal.h; sourceTree = "<group>"; };
		768B5D3422CDF4C700A41198 /* DVTerminal.m */ = {isa = PBXFileReference; lastKnownFileType = sourcecode.c.objc; path = DVTerminal.m; sourceTree = "<group>"; };
		768B5D3622CDFDA000A41198 /* DVMap.h */ = {isa = PBXFileReference; lastKnownFileType = sourcecode.c.h; path = DVMap.h; sourceTree = "<group>"; };
		768B5D3722CDFDA000A41198 /* DVMap.m */ = {isa = PBXFileReference; lastKnownFileType = sourcecode.c.objc; path = DVMap.m; sourceTree = "<group>"; };
		76A0554822BCD43F0005C621 /* DVEndpointProtocol.h */ = {isa = PBXFileReference; lastKnownFileType = sourcecode.c.h; path = DVEndpointProtocol.h; sourceTree = "<group>"; };
		76A0554C22BCD6D90005C621 /* DVTerminalsEndpoint.h */ = {isa = PBXFileReference; lastKnownFileType = sourcecode.c.h; path = DVTerminalsEndpoint.h; sourceTree = "<group>"; };
		76A0554D22BCD6D90005C621 /* DVTerminalsEndpoint.m */ = {isa = PBXFileReference; lastKnownFileType = sourcecode.c.objc; path = DVTerminalsEndpoint.m; sourceTree = "<group>"; };
		76E521F622CE17690078C988 /* Terminal+CoreDataProperties.h */ = {isa = PBXFileReference; lastKnownFileType = sourcecode.c.h; path = "Terminal+CoreDataProperties.h"; sourceTree = "<group>"; };
		76E521F722CE17690078C988 /* Terminal+CoreDataClass.h */ = {isa = PBXFileReference; lastKnownFileType = sourcecode.c.h; path = "Terminal+CoreDataClass.h"; sourceTree = "<group>"; };
		76E521F822CE17690078C988 /* Terminal+CoreDataClass.m */ = {isa = PBXFileReference; lastKnownFileType = sourcecode.c.objc; path = "Terminal+CoreDataClass.m"; sourceTree = "<group>"; };
		76E521F922CE17690078C988 /* Terminal+CoreDataProperties.m */ = {isa = PBXFileReference; lastKnownFileType = sourcecode.c.objc; path = "Terminal+CoreDataProperties.m"; sourceTree = "<group>"; };
		76E521FA22CE17690078C988 /* Map+CoreDataProperties.h */ = {isa = PBXFileReference; lastKnownFileType = sourcecode.c.h; path = "Map+CoreDataProperties.h"; sourceTree = "<group>"; };
		76E521FB22CE17690078C988 /* Map+CoreDataClass.h */ = {isa = PBXFileReference; lastKnownFileType = sourcecode.c.h; path = "Map+CoreDataClass.h"; sourceTree = "<group>"; };
		76E521FC22CE17690078C988 /* Map+CoreDataClass.m */ = {isa = PBXFileReference; lastKnownFileType = sourcecode.c.objc; path = "Map+CoreDataClass.m"; sourceTree = "<group>"; };
		76E521FD22CE17690078C988 /* Map+CoreDataProperties.m */ = {isa = PBXFileReference; lastKnownFileType = sourcecode.c.objc; path = "Map+CoreDataProperties.m"; sourceTree = "<group>"; };
		76F2824622BCDCC400A0D635 /* AFHTTPSessionManager+Endpoint.h */ = {isa = PBXFileReference; lastKnownFileType = sourcecode.c.h; path = "AFHTTPSessionManager+Endpoint.h"; sourceTree = "<group>"; };
		76F2824722BCDCC400A0D635 /* AFHTTPSessionManager+Endpoint.m */ = {isa = PBXFileReference; lastKnownFileType = sourcecode.c.objc; path = "AFHTTPSessionManager+Endpoint.m"; sourceTree = "<group>"; };
		76F2824B22BCE7CE00A0D635 /* DVServicesAssembly.h */ = {isa = PBXFileReference; lastKnownFileType = sourcecode.c.h; path = DVServicesAssembly.h; sourceTree = "<group>"; };
		76F2824C22BCE7CE00A0D635 /* DVServicesAssembly.m */ = {isa = PBXFileReference; lastKnownFileType = sourcecode.c.objc; path = DVServicesAssembly.m; sourceTree = "<group>"; };
		777F04D58B824E4A894F3ACE /* TerminalsRouter.h */ = {isa = PBXFileReference; includeInIndex = 1; lastKnownFileType = sourcecode.c.h; path = TerminalsRouter.h; sourceTree = "<group>"; };
		7C6E30DEF9A4E81D01734CA1 /* TerminalsInteractor.m */ = {isa = PBXFileReference; includeInIndex = 1; lastKnownFileType = sourcecode.c.objc; path = TerminalsInteractor.m; sourceTree = "<group>"; };
		8023E730C3E2E6D3612F2E0E /* TerminalsViewController.m */ = {isa = PBXFileReference; includeInIndex = 1; lastKnownFileType = sourcecode.c.objc; path = TerminalsViewController.m; sourceTree = "<group>"; };
		81970485CCA1D94CDCE9CF90 /* TerminalsRouter.m */ = {isa = PBXFileReference; includeInIndex = 1; lastKnownFileType = sourcecode.c.objc; path = TerminalsRouter.m; sourceTree = "<group>"; };
		8270E6B641913B0D7D85CC4E /* TerminalsAssembly.h */ = {isa = PBXFileReference; includeInIndex = 1; lastKnownFileType = sourcecode.c.h; path = TerminalsAssembly.h; sourceTree = "<group>"; };
		85C4AF60742C3D3CD120048F /* Pods-DelLin.release.xcconfig */ = {isa = PBXFileReference; includeInIndex = 1; lastKnownFileType = text.xcconfig; name = "Pods-DelLin.release.xcconfig"; path = "Target Support Files/Pods-DelLin/Pods-DelLin.release.xcconfig"; sourceTree = "<group>"; };
		89F07D4C0EE6C1B25638ADBA /* TerminalsViewInput.h */ = {isa = PBXFileReference; includeInIndex = 1; lastKnownFileType = sourcecode.c.h; path = TerminalsViewInput.h; sourceTree = "<group>"; };
		9AEFD1CB371B7533B3A77E27 /* FormOrderViewController.m */ = {isa = PBXFileReference; includeInIndex = 1; lastKnownFileType = sourcecode.c.objc; path = FormOrderViewController.m; sourceTree = "<group>"; };
		9F4ED0FC1359F2CD22A63569 /* TerminalsInteractorOutput.h */ = {isa = PBXFileReference; includeInIndex = 1; lastKnownFileType = sourcecode.c.h; path = TerminalsInteractorOutput.h; sourceTree = "<group>"; };
		A35ED4435FA3994878843B8D /* TerminalsAssembly.m */ = {isa = PBXFileReference; includeInIndex = 1; lastKnownFileType = sourcecode.c.objc; path = TerminalsAssembly.m; sourceTree = "<group>"; };
		B961CE98A0BAA2F2155BD14A /* Pods-DelLinTests.release.xcconfig */ = {isa = PBXFileReference; includeInIndex = 1; lastKnownFileType = text.xcconfig; name = "Pods-DelLinTests.release.xcconfig"; path = "Target Support Files/Pods-DelLinTests/Pods-DelLinTests.release.xcconfig"; sourceTree = "<group>"; };
		BEF1C6D4A745EAB60D8B16D6 /* FormOrderRouter.h */ = {isa = PBXFileReference; includeInIndex = 1; lastKnownFileType = sourcecode.c.h; path = FormOrderRouter.h; sourceTree = "<group>"; };
		C3E9F587B7E86774501945A7 /* TerminalsViewController.h */ = {isa = PBXFileReference; includeInIndex = 1; lastKnownFileType = sourcecode.c.h; path = TerminalsViewController.h; sourceTree = "<group>"; };
		D1EABF1E7886F860F5D1CC2F /* FormOrderViewOutput.h */ = {isa = PBXFileReference; includeInIndex = 1; lastKnownFileType = sourcecode.c.h; path = FormOrderViewOutput.h; sourceTree = "<group>"; };
		D9205F80B88D3AA46CDCD387 /* TerminalsPresenter.m */ = {isa = PBXFileReference; includeInIndex = 1; lastKnownFileType = sourcecode.c.objc; path = TerminalsPresenter.m; sourceTree = "<group>"; };
		DE726D3706244EF6C01B3FEB /* Pods-DelLinTests.debug.xcconfig */ = {isa = PBXFileReference; includeInIndex = 1; lastKnownFileType = text.xcconfig; name = "Pods-DelLinTests.debug.xcconfig"; path = "Target Support Files/Pods-DelLinTests/Pods-DelLinTests.debug.xcconfig"; sourceTree = "<group>"; };
		E25E0B7C58012AF0309053FF /* FormOrderAssembly.h */ = {isa = PBXFileReference; includeInIndex = 1; lastKnownFileType = sourcecode.c.h; path = FormOrderAssembly.h; sourceTree = "<group>"; };
		EA0916B50D098AFB922266A5 /* FormOrderInteractorOutput.h */ = {isa = PBXFileReference; includeInIndex = 1; lastKnownFileType = sourcecode.c.h; path = FormOrderInteractorOutput.h; sourceTree = "<group>"; };
		F3D40DF1E5BBF29219C9E836 /* FormOrderRouterInput.h */ = {isa = PBXFileReference; includeInIndex = 1; lastKnownFileType = sourcecode.c.h; path = FormOrderRouterInput.h; sourceTree = "<group>"; };
		F5B153E66AF5A8FC707D2AE7 /* TerminalsRouterInput.h */ = {isa = PBXFileReference; includeInIndex = 1; lastKnownFileType = sourcecode.c.h; path = TerminalsRouterInput.h; sourceTree = "<group>"; };
		F90EEB5EF14A8FD3F1B0A874 /* libPods-DelLin.a */ = {isa = PBXFileReference; explicitFileType = archive.ar; includeInIndex = 0; path = "libPods-DelLin.a"; sourceTree = BUILT_PRODUCTS_DIR; };
/* End PBXFileReference section */

/* Begin PBXFrameworksBuildPhase section */
		6D20D4D422BD28EE00051D4F /* Frameworks */ = {
			isa = PBXFrameworksBuildPhase;
			buildActionMask = 2147483647;
			files = (
				0CE5D942A0C3A4D2E4CBCFF8 /* libPods-DelLinTests.a in Frameworks */,
			);
			runOnlyForDeploymentPostprocessing = 0;
		};
		7658367122BCCA25005E8D25 /* Frameworks */ = {
			isa = PBXFrameworksBuildPhase;
			buildActionMask = 2147483647;
			files = (
				2A1B042F622D87793A5B05E4 /* libPods-DelLin.a in Frameworks */,
			);
			runOnlyForDeploymentPostprocessing = 0;
		};
/* End PBXFrameworksBuildPhase section */

/* Begin PBXGroup section */
		0D001CBDDA2AC6352C605961 /* Presentation */ = {
			isa = PBXGroup;
			children = (
				760EF78222CFE2F200548A87 /* Routes */,
				B07C23AA4E5BF7FF6C836769 /* Modules */,
			);
			path = Presentation;
			sourceTree = "<group>";
		};
		0EF21AAC76966F2733423AF4 /* Assembly */ = {
			isa = PBXGroup;
			children = (
				8270E6B641913B0D7D85CC4E /* TerminalsAssembly.h */,
				A35ED4435FA3994878843B8D /* TerminalsAssembly.m */,
			);
			path = Assembly;
			sourceTree = "<group>";
		};
		189448BFC44446C6E5537A40 /* Network */ = {
			isa = PBXGroup;
			children = (
				76A0554B22BCD69F0005C621 /* Endpoint */,
				64784958B9C77FCD205BF945 /* NetworkService.h */,
				2299155E29E1588071DC2FAF /* NetworkServiceImplementation.h */,
				5D127443781F3576747F0E54 /* NetworkServiceImplementation.m */,
				76F2824622BCDCC400A0D635 /* AFHTTPSessionManager+Endpoint.h */,
				76F2824722BCDCC400A0D635 /* AFHTTPSessionManager+Endpoint.m */,
			);
			path = Network;
			sourceTree = "<group>";
		};
		2458EF85AC70B704C60E58D4 /* Frameworks */ = {
			isa = PBXGroup;
			children = (
				F90EEB5EF14A8FD3F1B0A874 /* libPods-DelLin.a */,
				39BAA2DBAAA34184D13CC2AB /* libPods-DelLinTests.a */,
			);
			name = Frameworks;
			sourceTree = "<group>";
		};
		28492AB7061FB173362AA741 /* View */ = {
			isa = PBXGroup;
			children = (
				40CDF87BD548E75796265775 /* FormOrderViewInput.h */,
				D1EABF1E7886F860F5D1CC2F /* FormOrderViewOutput.h */,
				61CB9667562F4D896BD02367 /* FormOrderViewController.h */,
				9AEFD1CB371B7533B3A77E27 /* FormOrderViewController.m */,
			);
			path = View;
			sourceTree = "<group>";
		};
		49EBEDA5BC50AE1D8E722D42 /* Pods */ = {
			isa = PBXGroup;
			children = (
				34684C80A891BA6B7BCF927A /* Pods-DelLin.debug.xcconfig */,
				85C4AF60742C3D3CD120048F /* Pods-DelLin.release.xcconfig */,
				DE726D3706244EF6C01B3FEB /* Pods-DelLinTests.debug.xcconfig */,
				B961CE98A0BAA2F2155BD14A /* Pods-DelLinTests.release.xcconfig */,
			);
			path = Pods;
			sourceTree = "<group>";
		};
		55C69C181F70F4E41726844A /* Presenter */ = {
			isa = PBXGroup;
			children = (
				280ED236B1F8F4C8401996A8 /* FormOrderModuleInput.h */,
				6CB6D76B8A42FF49C25374DD /* FormOrderPresenter.h */,
				3C9774BC20C6B9AD8C2E5A6A /* FormOrderPresenter.m */,
			);
			path = Presenter;
			sourceTree = "<group>";
		};
		5850F26A74CD92B5E8C0927D /* Interactor */ = {
			isa = PBXGroup;
			children = (
				6AAFBCA4F4719E39F73D0DE9 /* TerminalsInteractorInput.h */,
				9F4ED0FC1359F2CD22A63569 /* TerminalsInteractorOutput.h */,
				53FC994465671ADD130C24A9 /* TerminalsInteractor.h */,
				7C6E30DEF9A4E81D01734CA1 /* TerminalsInteractor.m */,
			);
			path = Interactor;
			sourceTree = "<group>";
		};
		5B6C2248AF31F56B248F6AD4 /* Router */ = {
			isa = PBXGroup;
			children = (
				F5B153E66AF5A8FC707D2AE7 /* TerminalsRouterInput.h */,
				777F04D58B824E4A894F3ACE /* TerminalsRouter.h */,
				81970485CCA1D94CDCE9CF90 /* TerminalsRouter.m */,
			);
			path = Router;
			sourceTree = "<group>";
		};
		6D20D4D822BD28EE00051D4F /* DelLinTests */ = {
			isa = PBXGroup;
			children = (
				6D20D4D922BD28EE00051D4F /* DelLinTests.m */,
				6D20D4DB22BD28EE00051D4F /* Info.plist */,
			);
			path = DelLinTests;
			sourceTree = "<group>";
		};
		6DEC175E22BD1ED40065AEE9 /* Services */ = {
			isa = PBXGroup;
			children = (
				7644DFF822D26CD500FBD451 /* Storage */,
				189448BFC44446C6E5537A40 /* Network */,
				76F2824B22BCE7CE00A0D635 /* DVServicesAssembly.h */,
				76F2824C22BCE7CE00A0D635 /* DVServicesAssembly.m */,
			);
			path = Services;
			sourceTree = "<group>";
		};
		6DEC175F22BD1EE10065AEE9 /* Application */ = {
			isa = PBXGroup;
			children = (
				6DEC176022BD1F2C0065AEE9 /* DVApplicationAssembly.h */,
				6DEC176122BD1F2C0065AEE9 /* DVApplicationAssembly.m */,
			);
			path = Application;
			sourceTree = "<group>";
		};
		760EF78222CFE2F200548A87 /* Routes */ = {
			isa = PBXGroup;
			children = (
				760EF78522CFE2F200548A87 /* RouteProtocol.h */,
				760EF78422CFE2F200548A87 /* DVRoutesAssembly.h */,
				760EF78622CFE2F200548A87 /* DVRoutesAssembly.m */,
				760EF78A22CFE36000548A87 /* Terminals */,
			);
			path = Routes;
			sourceTree = "<group>";
		};
		760EF78A22CFE36000548A87 /* Terminals */ = {
			isa = PBXGroup;
			children = (
				760EF78322CFE2F200548A87 /* DVTerminalsRoute.h */,
				760EF78722CFE2F200548A87 /* DVTerminalsRoute.m */,
			);
			path = Terminals;
			sourceTree = "<group>";
		};
		760EF78B22CFEDAF00548A87 /* Core */ = {
			isa = PBXGroup;
			children = (
				760EF78C22CFEDB700548A87 /* Extensions */,
			);
			path = Core;
			sourceTree = "<group>";
		};
		760EF78C22CFEDB700548A87 /* Extensions */ = {
			isa = PBXGroup;
			children = (
				7644DFF522D0D97B00FBD451 /* UIView+Sugar.h */,
				7644DFF622D0D97B00FBD451 /* UIView+Sugar.m */,
			);
			path = Extensions;
			sourceTree = "<group>";
		};
		7644DFF822D26CD500FBD451 /* Storage */ = {
			isa = PBXGroup;
			children = (
				7644DFFC22D26D3500FBD451 /* StorageService.h */,
				7644DFF922D26CF900FBD451 /* StorageServiceImplementation.h */,
				7644DFFA22D26CF900FBD451 /* StorageServiceImplementation.m */,
			);
			path = Storage;
			sourceTree = "<group>";
		};
		7644E00222D3977900FBD451 /* CoreComponents */ = {
			isa = PBXGroup;
			children = (
				7644E00322D397A900FBD451 /* CoreComponents.h */,
				7644E00422D397A900FBD451 /* CoreComponents.m */,
			);
			path = CoreComponents;
			sourceTree = "<group>";
		};
		7658366B22BCCA25005E8D25 = {
			isa = PBXGroup;
			children = (
				7658367622BCCA25005E8D25 /* DelLin */,
				6D20D4D822BD28EE00051D4F /* DelLinTests */,
				7658367522BCCA25005E8D25 /* Products */,
				49EBEDA5BC50AE1D8E722D42 /* Pods */,
				2458EF85AC70B704C60E58D4 /* Frameworks */,
			);
			sourceTree = "<group>";
		};
		7658367522BCCA25005E8D25 /* Products */ = {
			isa = PBXGroup;
			children = (
				7658367422BCCA25005E8D25 /* DelLin.app */,
				6D20D4D722BD28EE00051D4F /* DelLinTests.xctest */,
			);
			name = Products;
			sourceTree = "<group>";
		};
		7658367622BCCA25005E8D25 /* DelLin */ = {
			isa = PBXGroup;
			children = (
				760EF78B22CFEDAF00548A87 /* Core */,
				76F2824A22BCE77C00A0D635 /* BusinessLogic */,
				0D001CBDDA2AC6352C605961 /* Presentation */,
				7658367722BCCA25005E8D25 /* AppDelegate.h */,
				7658367822BCCA25005E8D25 /* AppDelegate.m */,
				7658368322BCCA29005E8D25 /* Assets.xcassets */,
				7658368522BCCA29005E8D25 /* LaunchScreen.storyboard */,
				7658368822BCCA29005E8D25 /* Info.plist */,
				7658368922BCCA29005E8D25 /* main.m */,
				7658368022BCCA25005E8D25 /* DelLin.xcdatamodeld */,
			);
			path = DelLin;
			sourceTree = "<group>";
		};
		768B5D3222CDF4AD00A41198 /* Models */ = {
			isa = PBXGroup;
			children = (
				76E521F722CE17690078C988 /* Terminal+CoreDataClass.h */,
				76E521F822CE17690078C988 /* Terminal+CoreDataClass.m */,
				76E521F622CE17690078C988 /* Terminal+CoreDataProperties.h */,
				76E521F922CE17690078C988 /* Terminal+CoreDataProperties.m */,
				76E521FA22CE17690078C988 /* Map+CoreDataProperties.h */,
				76E521FD22CE17690078C988 /* Map+CoreDataProperties.m */,
				76E521FB22CE17690078C988 /* Map+CoreDataClass.h */,
				76E521FC22CE17690078C988 /* Map+CoreDataClass.m */,
				7644DFF222D0C76C00FBD451 /* DVCity.h */,
				7644DFF322D0C76C00FBD451 /* DVCity.m */,
				768B5D3322CDF4C700A41198 /* DVTerminal.h */,
				768B5D3422CDF4C700A41198 /* DVTerminal.m */,
				768B5D3622CDFDA000A41198 /* DVMap.h */,
				768B5D3722CDFDA000A41198 /* DVMap.m */,
			);
			path = Models;
			sourceTree = "<group>";
		};
		76A0554B22BCD69F0005C621 /* Endpoint */ = {
			isa = PBXGroup;
			children = (
				76A0554822BCD43F0005C621 /* DVEndpointProtocol.h */,
				76A0554C22BCD6D90005C621 /* DVTerminalsEndpoint.h */,
				76A0554D22BCD6D90005C621 /* DVTerminalsEndpoint.m */,
			);
			path = Endpoint;
			sourceTree = "<group>";
		};
		76F2824922BCE76700A0D635 /* Assembly */ = {
			isa = PBXGroup;
			children = (
				6DEC175F22BD1EE10065AEE9 /* Application */,
				6DEC175E22BD1ED40065AEE9 /* Services */,
				7644E00222D3977900FBD451 /* CoreComponents */,
			);
			path = Assembly;
			sourceTree = "<group>";
		};
		76F2824A22BCE77C00A0D635 /* BusinessLogic */ = {
			isa = PBXGroup;
			children = (
				768B5D3222CDF4AD00A41198 /* Models */,
				76F2824922BCE76700A0D635 /* Assembly */,
			);
			path = BusinessLogic;
			sourceTree = "<group>";
		};
		80198CA7AEA33E6204CCDFE5 /* View */ = {
			isa = PBXGroup;
			children = (
				89F07D4C0EE6C1B25638ADBA /* TerminalsViewInput.h */,
				4DB4936EE04CD6836EFA8DA5 /* TerminalsViewOutput.h */,
				C3E9F587B7E86774501945A7 /* TerminalsViewController.h */,
				8023E730C3E2E6D3612F2E0E /* TerminalsViewController.m */,
			);
			path = View;
			sourceTree = "<group>";
		};
		8A3CAE76E5768D431593343C /* Terminals */ = {
			isa = PBXGroup;
			children = (
				0EF21AAC76966F2733423AF4 /* Assembly */,
				80198CA7AEA33E6204CCDFE5 /* View */,
				9800439258933DE136299C03 /* Presenter */,
				5850F26A74CD92B5E8C0927D /* Interactor */,
				5B6C2248AF31F56B248F6AD4 /* Router */,
			);
			path = Terminals;
			sourceTree = "<group>";
		};
		8B00783A6C66DA6F16236191 /* Router */ = {
			isa = PBXGroup;
			children = (
				F3D40DF1E5BBF29219C9E836 /* FormOrderRouterInput.h */,
				BEF1C6D4A745EAB60D8B16D6 /* FormOrderRouter.h */,
				03AC6B6A848771A808D84642 /* FormOrderRouter.m */,
			);
			path = Router;
			sourceTree = "<group>";
		};
		9800439258933DE136299C03 /* Presenter */ = {
			isa = PBXGroup;
			children = (
				38B0522A95054E74F665B9D7 /* TerminalsModuleInput.h */,
				36E108EFAEB21BF682FFB948 /* TerminalsPresenter.h */,
				D9205F80B88D3AA46CDCD387 /* TerminalsPresenter.m */,
			);
			path = Presenter;
			sourceTree = "<group>";
		};
		991F588BA5C3FE0DACCEF9D1 /* Interactor */ = {
			isa = PBXGroup;
			children = (
				026545E2509D676D869ED1F9 /* FormOrderInteractorInput.h */,
				EA0916B50D098AFB922266A5 /* FormOrderInteractorOutput.h */,
				28E9E6996A07C2F3E002B5FF /* FormOrderInteractor.h */,
				2F10409A34656D0E134E377A /* FormOrderInteractor.m */,
			);
			path = Interactor;
			sourceTree = "<group>";
		};
		A345DB213E5531B0CB957715 /* FormOrder */ = {
			isa = PBXGroup;
			children = (
				FD59BD5C9ABA79006D476C92 /* Assembly */,
				28492AB7061FB173362AA741 /* View */,
				55C69C181F70F4E41726844A /* Presenter */,
				991F588BA5C3FE0DACCEF9D1 /* Interactor */,
				8B00783A6C66DA6F16236191 /* Router */,
			);
			path = FormOrder;
			sourceTree = "<group>";
		};
		B07C23AA4E5BF7FF6C836769 /* Modules */ = {
			isa = PBXGroup;
			children = (
				A345DB213E5531B0CB957715 /* FormOrder */,
				8A3CAE76E5768D431593343C /* Terminals */,
			);
			path = Modules;
			sourceTree = "<group>";
		};
		FD59BD5C9ABA79006D476C92 /* Assembly */ = {
			isa = PBXGroup;
			children = (
				E25E0B7C58012AF0309053FF /* FormOrderAssembly.h */,
				5642838D9F6DD4E3BF038610 /* FormOrderAssembly.m */,
			);
			path = Assembly;
			sourceTree = "<group>";
		};
/* End PBXGroup section */

/* Begin PBXNativeTarget section */
		6D20D4D622BD28EE00051D4F /* DelLinTests */ = {
			isa = PBXNativeTarget;
			buildConfigurationList = 6D20D4DE22BD28EE00051D4F /* Build configuration list for PBXNativeTarget "DelLinTests" */;
			buildPhases = (
				90540762E38E015626127182 /* [CP] Check Pods Manifest.lock */,
				6D20D4D322BD28EE00051D4F /* Sources */,
				6D20D4D422BD28EE00051D4F /* Frameworks */,
				6D20D4D522BD28EE00051D4F /* Resources */,
			);
			buildRules = (
			);
			dependencies = (
				6D20D4DD22BD28EE00051D4F /* PBXTargetDependency */,
			);
			name = DelLinTests;
			productName = DelLinTests;
			productReference = 6D20D4D722BD28EE00051D4F /* DelLinTests.xctest */;
			productType = "com.apple.product-type.bundle.unit-test";
		};
		7658367322BCCA25005E8D25 /* DelLin */ = {
			isa = PBXNativeTarget;
			buildConfigurationList = 7658368D22BCCA29005E8D25 /* Build configuration list for PBXNativeTarget "DelLin" */;
			buildPhases = (
				ABAE0B21B8747CE916936593 /* [CP] Check Pods Manifest.lock */,
				7658367022BCCA25005E8D25 /* Sources */,
				7658367122BCCA25005E8D25 /* Frameworks */,
				7658367222BCCA25005E8D25 /* Resources */,
			);
			buildRules = (
			);
			dependencies = (
			);
			name = DelLin;
			productName = DelLinTest;
			productReference = 7658367422BCCA25005E8D25 /* DelLin.app */;
			productType = "com.apple.product-type.application";
		};
/* End PBXNativeTarget section */

/* Begin PBXProject section */
		7658366C22BCCA25005E8D25 /* Project object */ = {
			isa = PBXProject;
			attributes = {
				CLASSPREFIX = DV;
				LastUpgradeCheck = 1020;
				ORGANIZATIONNAME = "Dmitriy Verennik";
				TargetAttributes = {
					6D20D4D622BD28EE00051D4F = {
						CreatedOnToolsVersion = 10.2.1;
						TestTargetID = 7658367322BCCA25005E8D25;
					};
					7658367322BCCA25005E8D25 = {
						CreatedOnToolsVersion = 10.2.1;
					};
				};
			};
			buildConfigurationList = 7658366F22BCCA25005E8D25 /* Build configuration list for PBXProject "DelLin" */;
			compatibilityVersion = "Xcode 9.3";
			developmentRegion = en;
			hasScannedForEncodings = 0;
			knownRegions = (
				en,
				Base,
			);
			mainGroup = 7658366B22BCCA25005E8D25;
			productRefGroup = 7658367522BCCA25005E8D25 /* Products */;
			projectDirPath = "";
			projectRoot = "";
			targets = (
				7658367322BCCA25005E8D25 /* DelLin */,
				6D20D4D622BD28EE00051D4F /* DelLinTests */,
			);
		};
/* End PBXProject section */

/* Begin PBXResourcesBuildPhase section */
		6D20D4D522BD28EE00051D4F /* Resources */ = {
			isa = PBXResourcesBuildPhase;
			buildActionMask = 2147483647;
			files = (
			);
			runOnlyForDeploymentPostprocessing = 0;
		};
		7658367222BCCA25005E8D25 /* Resources */ = {
			isa = PBXResourcesBuildPhase;
			buildActionMask = 2147483647;
			files = (
				7658368722BCCA29005E8D25 /* LaunchScreen.storyboard in Resources */,
				7658368422BCCA29005E8D25 /* Assets.xcassets in Resources */,
			);
			runOnlyForDeploymentPostprocessing = 0;
		};
/* End PBXResourcesBuildPhase section */

/* Begin PBXShellScriptBuildPhase section */
		90540762E38E015626127182 /* [CP] Check Pods Manifest.lock */ = {
			isa = PBXShellScriptBuildPhase;
			buildActionMask = 2147483647;
			files = (
			);
			inputFileListPaths = (
			);
			inputPaths = (
				"${PODS_PODFILE_DIR_PATH}/Podfile.lock",
				"${PODS_ROOT}/Manifest.lock",
			);
			name = "[CP] Check Pods Manifest.lock";
			outputFileListPaths = (
			);
			outputPaths = (
				"$(DERIVED_FILE_DIR)/Pods-DelLinTests-checkManifestLockResult.txt",
			);
			runOnlyForDeploymentPostprocessing = 0;
			shellPath = /bin/sh;
			shellScript = "diff \"${PODS_PODFILE_DIR_PATH}/Podfile.lock\" \"${PODS_ROOT}/Manifest.lock\" > /dev/null\nif [ $? != 0 ] ; then\n    # print error to STDERR\n    echo \"error: The sandbox is not in sync with the Podfile.lock. Run 'pod install' or update your CocoaPods installation.\" >&2\n    exit 1\nfi\n# This output is used by Xcode 'outputs' to avoid re-running this script phase.\necho \"SUCCESS\" > \"${SCRIPT_OUTPUT_FILE_0}\"\n";
			showEnvVarsInLog = 0;
		};
		ABAE0B21B8747CE916936593 /* [CP] Check Pods Manifest.lock */ = {
			isa = PBXShellScriptBuildPhase;
			buildActionMask = 2147483647;
			files = (
			);
			inputFileListPaths = (
			);
			inputPaths = (
				"${PODS_PODFILE_DIR_PATH}/Podfile.lock",
				"${PODS_ROOT}/Manifest.lock",
			);
			name = "[CP] Check Pods Manifest.lock";
			outputFileListPaths = (
			);
			outputPaths = (
				"$(DERIVED_FILE_DIR)/Pods-DelLin-checkManifestLockResult.txt",
			);
			runOnlyForDeploymentPostprocessing = 0;
			shellPath = /bin/sh;
			shellScript = "diff \"${PODS_PODFILE_DIR_PATH}/Podfile.lock\" \"${PODS_ROOT}/Manifest.lock\" > /dev/null\nif [ $? != 0 ] ; then\n    # print error to STDERR\n    echo \"error: The sandbox is not in sync with the Podfile.lock. Run 'pod install' or update your CocoaPods installation.\" >&2\n    exit 1\nfi\n# This output is used by Xcode 'outputs' to avoid re-running this script phase.\necho \"SUCCESS\" > \"${SCRIPT_OUTPUT_FILE_0}\"\n";
			showEnvVarsInLog = 0;
		};
/* End PBXShellScriptBuildPhase section */

/* Begin PBXSourcesBuildPhase section */
		6D20D4D322BD28EE00051D4F /* Sources */ = {
			isa = PBXSourcesBuildPhase;
			buildActionMask = 2147483647;
			files = (
				6D20D4DA22BD28EE00051D4F /* DelLinTests.m in Sources */,
			);
			runOnlyForDeploymentPostprocessing = 0;
		};
		7658367022BCCA25005E8D25 /* Sources */ = {
			isa = PBXSourcesBuildPhase;
			buildActionMask = 2147483647;
			files = (
				76A0554E22BCD6D90005C621 /* DVTerminalsEndpoint.m in Sources */,
				76E5220122CE17690078C988 /* Map+CoreDataProperties.m in Sources */,
				76E521FF22CE17690078C988 /* Terminal+CoreDataProperties.m in Sources */,
				7644E00822D3A36700FBD451 /* DelLin.xcdatamodeld in Sources */,
				7658367922BCCA25005E8D25 /* AppDelegate.m in Sources */,
				7658368A22BCCA29005E8D25 /* main.m in Sources */,
				76E521FE22CE17690078C988 /* Terminal+CoreDataClass.m in Sources */,
				76F2824D22BCE7CE00A0D635 /* DVServicesAssembly.m in Sources */,
				356445732D1B6C1E556364D1 /* FormOrderAssembly.m in Sources */,
				76E5220022CE17690078C988 /* Map+CoreDataClass.m in Sources */,
				760EF78822CFE2F200548A87 /* DVRoutesAssembly.m in Sources */,
				76F2824822BCDCC400A0D635 /* AFHTTPSessionManager+Endpoint.m in Sources */,
				768B5D3522CDF4C700A41198 /* DVTerminal.m in Sources */,
				7644DFF722D0D97B00FBD451 /* UIView+Sugar.m in Sources */,
				79A299774C7AE1BBE68E51F3 /* FormOrderViewController.m in Sources */,
				7644DFFB22D26CF900FBD451 /* StorageServiceImplementation.m in Sources */,
				768B5D3822CDFDA000A41198 /* DVMap.m in Sources */,
				7644DFF422D0C76C00FBD451 /* DVCity.m in Sources */,
				60270D7FB6BAC18FC16C4084 /* FormOrderPresenter.m in Sources */,
				6DEC176222BD1F2C0065AEE9 /* DVApplicationAssembly.m in Sources */,
				7644E00522D397A900FBD451 /* CoreComponents.m in Sources */,
				FBB828B5B2E8E824A72C567F /* FormOrderInteractor.m in Sources */,
				73B3C86AD17FC189722B8281 /* FormOrderRouter.m in Sources */,
				BCC5E58CCFE3D6C64C56D221 /* NetworkServiceImplementation.m in Sources */,
				BDF6ECAF9BEE957E0C726451 /* TerminalsAssembly.m in Sources */,
				760EF78922CFE2F200548A87 /* DVTerminalsRoute.m in Sources */,
				8092E591E89B9745B862C71E /* TerminalsViewController.m in Sources */,
				E5F852174530E4F0006944A1 /* TerminalsPresenter.m in Sources */,
				72140935551EE985FE0DD860 /* TerminalsInteractor.m in Sources */,
				A40FCDBF5F133EC9F95513B1 /* TerminalsRouter.m in Sources */,
			);
			runOnlyForDeploymentPostprocessing = 0;
		};
/* End PBXSourcesBuildPhase section */

/* Begin PBXTargetDependency section */
		6D20D4DD22BD28EE00051D4F /* PBXTargetDependency */ = {
			isa = PBXTargetDependency;
			target = 7658367322BCCA25005E8D25 /* DelLin */;
			targetProxy = 6D20D4DC22BD28EE00051D4F /* PBXContainerItemProxy */;
		};
/* End PBXTargetDependency section */

/* Begin PBXVariantGroup section */
		7658368522BCCA29005E8D25 /* LaunchScreen.storyboard */ = {
			isa = PBXVariantGroup;
			children = (
				7658368622BCCA29005E8D25 /* Base */,
			);
			name = LaunchScreen.storyboard;
			sourceTree = "<group>";
		};
/* End PBXVariantGroup section */

/* Begin XCBuildConfiguration section */
		6D20D4DF22BD28EE00051D4F /* Debug */ = {
			isa = XCBuildConfiguration;
			baseConfigurationReference = DE726D3706244EF6C01B3FEB /* Pods-DelLinTests.debug.xcconfig */;
			buildSettings = {
				BUNDLE_LOADER = "$(TEST_HOST)";
				CODE_SIGN_STYLE = Automatic;
				INFOPLIST_FILE = DelLinTests/Info.plist;
				LD_RUNPATH_SEARCH_PATHS = (
					"$(inherited)",
					"@executable_path/Frameworks",
					"@loader_path/Frameworks",
				);
				OTHER_LDFLAGS = (
					"$(inherited)",
					"-ObjC",
					"-l\"OCMock\"",
					"-framework",
					"\"XCTest\"",
				);
				PRODUCT_BUNDLE_IDENTIFIER = com.dverennik.DelLinTests;
				PRODUCT_NAME = "$(TARGET_NAME)";
				TARGETED_DEVICE_FAMILY = "1,2";
				TEST_HOST = "$(BUILT_PRODUCTS_DIR)/DelLin.app/DelLin";
			};
			name = Debug;
		};
		6D20D4E022BD28EE00051D4F /* Release */ = {
			isa = XCBuildConfiguration;
			baseConfigurationReference = B961CE98A0BAA2F2155BD14A /* Pods-DelLinTests.release.xcconfig */;
			buildSettings = {
				BUNDLE_LOADER = "$(TEST_HOST)";
				CODE_SIGN_STYLE = Automatic;
				INFOPLIST_FILE = DelLinTests/Info.plist;
				LD_RUNPATH_SEARCH_PATHS = (
					"$(inherited)",
					"@executable_path/Frameworks",
					"@loader_path/Frameworks",
				);
				OTHER_LDFLAGS = (
					"$(inherited)",
					"-ObjC",
					"-l\"OCMock\"",
					"-framework",
					"\"XCTest\"",
				);
				PRODUCT_BUNDLE_IDENTIFIER = com.dverennik.DelLinTests;
				PRODUCT_NAME = "$(TARGET_NAME)";
				TARGETED_DEVICE_FAMILY = "1,2";
				TEST_HOST = "$(BUILT_PRODUCTS_DIR)/DelLin.app/DelLin";
			};
			name = Release;
		};
		7658368B22BCCA29005E8D25 /* Debug */ = {
			isa = XCBuildConfiguration;
			buildSettings = {
				ALWAYS_SEARCH_USER_PATHS = NO;
				CLANG_ANALYZER_NONNULL = YES;
				CLANG_ANALYZER_NUMBER_OBJECT_CONVERSION = YES_AGGRESSIVE;
				CLANG_CXX_LANGUAGE_STANDARD = "gnu++14";
				CLANG_CXX_LIBRARY = "libc++";
				CLANG_ENABLE_MODULES = YES;
				CLANG_ENABLE_OBJC_ARC = YES;
				CLANG_ENABLE_OBJC_WEAK = YES;
				CLANG_WARN_BLOCK_CAPTURE_AUTORELEASING = YES;
				CLANG_WARN_BOOL_CONVERSION = YES;
				CLANG_WARN_COMMA = YES;
				CLANG_WARN_CONSTANT_CONVERSION = YES;
				CLANG_WARN_DEPRECATED_OBJC_IMPLEMENTATIONS = YES;
				CLANG_WARN_DIRECT_OBJC_ISA_USAGE = YES_ERROR;
				CLANG_WARN_DOCUMENTATION_COMMENTS = YES;
				CLANG_WARN_EMPTY_BODY = YES;
				CLANG_WARN_ENUM_CONVERSION = YES;
				CLANG_WARN_INFINITE_RECURSION = YES;
				CLANG_WARN_INT_CONVERSION = YES;
				CLANG_WARN_NON_LITERAL_NULL_CONVERSION = YES;
				CLANG_WARN_OBJC_IMPLICIT_RETAIN_SELF = YES;
				CLANG_WARN_OBJC_LITERAL_CONVERSION = YES;
				CLANG_WARN_OBJC_ROOT_CLASS = YES_ERROR;
				CLANG_WARN_RANGE_LOOP_ANALYSIS = YES;
				CLANG_WARN_STRICT_PROTOTYPES = YES;
				CLANG_WARN_SUSPICIOUS_MOVE = YES;
				CLANG_WARN_UNGUARDED_AVAILABILITY = YES_AGGRESSIVE;
				CLANG_WARN_UNREACHABLE_CODE = YES;
				CLANG_WARN__DUPLICATE_METHOD_MATCH = YES;
				CODE_SIGN_IDENTITY = "iPhone Developer";
				COPY_PHASE_STRIP = NO;
				DEBUG_INFORMATION_FORMAT = dwarf;
				ENABLE_STRICT_OBJC_MSGSEND = YES;
				ENABLE_TESTABILITY = YES;
				GCC_C_LANGUAGE_STANDARD = gnu11;
				GCC_DYNAMIC_NO_PIC = NO;
				GCC_NO_COMMON_BLOCKS = YES;
				GCC_OPTIMIZATION_LEVEL = 0;
				GCC_PREPROCESSOR_DEFINITIONS = (
					"DEBUG=1",
					"$(inherited)",
				);
				GCC_WARN_64_TO_32_BIT_CONVERSION = YES;
				GCC_WARN_ABOUT_RETURN_TYPE = YES_ERROR;
				GCC_WARN_UNDECLARED_SELECTOR = YES;
				GCC_WARN_UNINITIALIZED_AUTOS = YES_AGGRESSIVE;
				GCC_WARN_UNUSED_FUNCTION = YES;
				GCC_WARN_UNUSED_VARIABLE = YES;
				IPHONEOS_DEPLOYMENT_TARGET = 12.2;
				MTL_ENABLE_DEBUG_INFO = INCLUDE_SOURCE;
				MTL_FAST_MATH = YES;
				ONLY_ACTIVE_ARCH = YES;
				SDKROOT = iphoneos;
			};
			name = Debug;
		};
		7658368C22BCCA29005E8D25 /* Release */ = {
			isa = XCBuildConfiguration;
			buildSettings = {
				ALWAYS_SEARCH_USER_PATHS = NO;
				CLANG_ANALYZER_NONNULL = YES;
				CLANG_ANALYZER_NUMBER_OBJECT_CONVERSION = YES_AGGRESSIVE;
				CLANG_CXX_LANGUAGE_STANDARD = "gnu++14";
				CLANG_CXX_LIBRARY = "libc++";
				CLANG_ENABLE_MODULES = YES;
				CLANG_ENABLE_OBJC_ARC = YES;
				CLANG_ENABLE_OBJC_WEAK = YES;
				CLANG_WARN_BLOCK_CAPTURE_AUTORELEASING = YES;
				CLANG_WARN_BOOL_CONVERSION = YES;
				CLANG_WARN_COMMA = YES;
				CLANG_WARN_CONSTANT_CONVERSION = YES;
				CLANG_WARN_DEPRECATED_OBJC_IMPLEMENTATIONS = YES;
				CLANG_WARN_DIRECT_OBJC_ISA_USAGE = YES_ERROR;
				CLANG_WARN_DOCUMENTATION_COMMENTS = YES;
				CLANG_WARN_EMPTY_BODY = YES;
				CLANG_WARN_ENUM_CONVERSION = YES;
				CLANG_WARN_INFINITE_RECURSION = YES;
				CLANG_WARN_INT_CONVERSION = YES;
				CLANG_WARN_NON_LITERAL_NULL_CONVERSION = YES;
				CLANG_WARN_OBJC_IMPLICIT_RETAIN_SELF = YES;
				CLANG_WARN_OBJC_LITERAL_CONVERSION = YES;
				CLANG_WARN_OBJC_ROOT_CLASS = YES_ERROR;
				CLANG_WARN_RANGE_LOOP_ANALYSIS = YES;
				CLANG_WARN_STRICT_PROTOTYPES = YES;
				CLANG_WARN_SUSPICIOUS_MOVE = YES;
				CLANG_WARN_UNGUARDED_AVAILABILITY = YES_AGGRESSIVE;
				CLANG_WARN_UNREACHABLE_CODE = YES;
				CLANG_WARN__DUPLICATE_METHOD_MATCH = YES;
				CODE_SIGN_IDENTITY = "iPhone Developer";
				COPY_PHASE_STRIP = NO;
				DEBUG_INFORMATION_FORMAT = "dwarf-with-dsym";
				ENABLE_NS_ASSERTIONS = NO;
				ENABLE_STRICT_OBJC_MSGSEND = YES;
				GCC_C_LANGUAGE_STANDARD = gnu11;
				GCC_NO_COMMON_BLOCKS = YES;
				GCC_WARN_64_TO_32_BIT_CONVERSION = YES;
				GCC_WARN_ABOUT_RETURN_TYPE = YES_ERROR;
				GCC_WARN_UNDECLARED_SELECTOR = YES;
				GCC_WARN_UNINITIALIZED_AUTOS = YES_AGGRESSIVE;
				GCC_WARN_UNUSED_FUNCTION = YES;
				GCC_WARN_UNUSED_VARIABLE = YES;
				IPHONEOS_DEPLOYMENT_TARGET = 12.2;
				MTL_ENABLE_DEBUG_INFO = NO;
				MTL_FAST_MATH = YES;
				SDKROOT = iphoneos;
				VALIDATE_PRODUCT = YES;
			};
			name = Release;
		};
		7658368E22BCCA29005E8D25 /* Debug */ = {
			isa = XCBuildConfiguration;
			baseConfigurationReference = 34684C80A891BA6B7BCF927A /* Pods-DelLin.debug.xcconfig */;
			buildSettings = {
				ASSETCATALOG_COMPILER_APPICON_NAME = AppIcon;
				CODE_SIGN_STYLE = Automatic;
				DEVELOPMENT_TEAM = C22RZK2BW2;
				INFOPLIST_FILE = "$(SRCROOT)/DelLin/Info.plist";
				IPHONEOS_DEPLOYMENT_TARGET = 11.0;
				LD_RUNPATH_SEARCH_PATHS = (
					"$(inherited)",
					"@executable_path/Frameworks",
				);
				OTHER_LDFLAGS = (
					"$(inherited)",
					"-ObjC",
					"-l\"AFNetworking\"",
					"-l\"Framer\"",
					"-l\"OCMock\"",
					"-l\"RamblerTyphoonUtils\"",
					"-l\"Typhoon\"",
					"-l\"ViperMcFlurry\"",
					"-framework",
					"\"CoreGraphics\"",
					"-framework",
					"\"MobileCoreServices\"",
					"-framework",
					"\"Security\"",
					"-framework",
					"\"SystemConfiguration\"",
				);
				PRODUCT_BUNDLE_IDENTIFIER = dverennik.DelLin;
				PRODUCT_MODULE_NAME = "$(DelLine)";
				PRODUCT_NAME = "$(TARGET_NAME)";
				TARGETED_DEVICE_FAMILY = 1;
			};
			name = Debug;
		};
		7658368F22BCCA29005E8D25 /* Release */ = {
			isa = XCBuildConfiguration;
			baseConfigurationReference = 85C4AF60742C3D3CD120048F /* Pods-DelLin.release.xcconfig */;
			buildSettings = {
				ASSETCATALOG_COMPILER_APPICON_NAME = AppIcon;
				CODE_SIGN_STYLE = Automatic;
				DEVELOPMENT_TEAM = C22RZK2BW2;
				INFOPLIST_FILE = "$(SRCROOT)/DelLin/Info.plist";
				IPHONEOS_DEPLOYMENT_TARGET = 11.0;
				LD_RUNPATH_SEARCH_PATHS = (
					"$(inherited)",
					"@executable_path/Frameworks",
				);
				OTHER_LDFLAGS = (
					"$(inherited)",
					"-ObjC",
					"-l\"AFNetworking\"",
					"-l\"Framer\"",
					"-l\"OCMock\"",
					"-l\"RamblerTyphoonUtils\"",
					"-l\"Typhoon\"",
					"-l\"ViperMcFlurry\"",
					"-framework",
					"\"CoreGraphics\"",
					"-framework",
					"\"MobileCoreServices\"",
					"-framework",
					"\"Security\"",
					"-framework",
					"\"SystemConfiguration\"",
				);
				PRODUCT_BUNDLE_IDENTIFIER = dverennik.DelLin;
				PRODUCT_MODULE_NAME = "$(DelLine)";
				PRODUCT_NAME = "$(TARGET_NAME)";
				TARGETED_DEVICE_FAMILY = 1;
			};
			name = Release;
		};
/* End XCBuildConfiguration section */

/* Begin XCConfigurationList section */
		6D20D4DE22BD28EE00051D4F /* Build configuration list for PBXNativeTarget "DelLinTests" */ = {
			isa = XCConfigurationList;
			buildConfigurations = (
				6D20D4DF22BD28EE00051D4F /* Debug */,
				6D20D4E022BD28EE00051D4F /* Release */,
			);
			defaultConfigurationIsVisible = 0;
			defaultConfigurationName = Release;
		};
		7658366F22BCCA25005E8D25 /* Build configuration list for PBXProject "DelLin" */ = {
			isa = XCConfigurationList;
			buildConfigurations = (
				7658368B22BCCA29005E8D25 /* Debug */,
				7658368C22BCCA29005E8D25 /* Release */,
			);
			defaultConfigurationIsVisible = 0;
			defaultConfigurationName = Release;
		};
		7658368D22BCCA29005E8D25 /* Build configuration list for PBXNativeTarget "DelLin" */ = {
			isa = XCConfigurationList;
			buildConfigurations = (
				7658368E22BCCA29005E8D25 /* Debug */,
				7658368F22BCCA29005E8D25 /* Release */,
			);
			defaultConfigurationIsVisible = 0;
			defaultConfigurationName = Release;
		};
/* End XCConfigurationList section */

/* Begin XCVersionGroup section */
		7658368022BCCA25005E8D25 /* DelLin.xcdatamodeld */ = {
			isa = XCVersionGroup;
			children = (
				7658368122BCCA25005E8D25 /* DelLinTest.xcdatamodel */,
			);
			currentVersion = 7658368122BCCA25005E8D25 /* DelLinTest.xcdatamodel */;
			path = DelLin.xcdatamodeld;
			sourceTree = "<group>";
			versionGroupType = wrapper.xcdatamodel;
		};
/* End XCVersionGroup section */
	};
	rootObject = 7658366C22BCCA25005E8D25 /* Project object */;
}
